
Microsoft Visual Studio Solution File, Format Version 12.00
# Visual Studio Version 17
VisualStudioVersion = 17.6.33723.286
MinimumVisualStudioVersion = 10.0.40219.1
Project("{FAE04EC0-301F-11D3-BF4B-00C04F79EFBC}") = "SimRacing.Telemetry.Receiver.F1.23", "SimRacing.Telemetry.Receiver.F1.23\SimRacing.Telemetry.Receiver.F1.23.csproj", "{3D5BBA4B-0747-4383-9660-50F258B10183}"
EndProject
Global
	GlobalSection(SolutionConfigurationPlatforms) = preSolution
		Debug|Any CPU = Debug|Any CPU
		Release|Any CPU = Release|Any CPU
	EndGlobalSection
	GlobalSection(ProjectConfigurationPlatforms) = postSolution
		{3D5BBA4B-0747-4383-9660-50F258B10183}.Debug|Any CPU.ActiveCfg = Debug|Any CPU
		{3D5BBA4B-0747-4383-9660-50F258B10183}.Debug|Any CPU.Build.0 = Debug|Any CPU
		{3D5BBA4B-0747-4383-9660-50F258B10183}.Release|Any CPU.ActiveCfg = Release|Any CPU
		{3D5BBA4B-0747-4383-9660-50F258B10183}.Release|Any CPU.Build.0 = Release|Any CPU
	EndGlobalSection
	GlobalSection(SolutionProperties) = preSolution
		HideSolutionNode = FALSE
	EndGlobalSection
	GlobalSection(ExtensibilityGlobals) = postSolution
		SolutionGuid = {A6703F96-F223-4014-B820-06BB60C4B577}
	EndGlobalSection
EndGlobal
